
Microsoft Visual Studio Solution File, Format Version 12.00
# Visual Studio Version 16
VisualStudioVersion = 16.0.29905.134
MinimumVisualStudioVersion = 10.0.40219.1
Project("{9A19103F-16F7-4668-BE54-9A1E7A4F7556}") = "DotnetCore_TAS_CandidateAPI", "DotnetCore_TAS_CandidateAPI.csproj", "{5A495EFE-99B8-4EBF-9957-BCFBA1FB5CA9}"
EndProject
Project("{9A19103F-16F7-4668-BE54-9A1E7A4F7556}") = "TAS_AngularCoreProj", "..\TAS_AngularCoreWebapp\TAS_AngularCoreProj.csproj", "{B4468617-53A2-487D-9179-B8A02159154D}"
EndProject
Global
	GlobalSection(SolutionConfigurationPlatforms) = preSolution
		Debug|Any CPU = Debug|Any CPU
		Release|Any CPU = Release|Any CPU
	EndGlobalSection
	GlobalSection(ProjectConfigurationPlatforms) = postSolution
		{5A495EFE-99B8-4EBF-9957-BCFBA1FB5CA9}.Debug|Any CPU.ActiveCfg = Debug|Any CPU
		{5A495EFE-99B8-4EBF-9957-BCFBA1FB5CA9}.Debug|Any CPU.Build.0 = Debug|Any CPU
		{5A495EFE-99B8-4EBF-9957-BCFBA1FB5CA9}.Release|Any CPU.ActiveCfg = Release|Any CPU
		{5A495EFE-99B8-4EBF-9957-BCFBA1FB5CA9}.Release|Any CPU.Build.0 = Release|Any CPU
		{B4468617-53A2-487D-9179-B8A02159154D}.Debug|Any CPU.ActiveCfg = Debug|Any CPU
		{B4468617-53A2-487D-9179-B8A02159154D}.Debug|Any CPU.Build.0 = Debug|Any CPU
		{B4468617-53A2-487D-9179-B8A02159154D}.Release|Any CPU.ActiveCfg = Release|Any CPU
		{B4468617-53A2-487D-9179-B8A02159154D}.Release|Any CPU.Build.0 = Release|Any CPU
	EndGlobalSection
	GlobalSection(SolutionProperties) = preSolution
		HideSolutionNode = FALSE
	EndGlobalSection
	GlobalSection(ExtensibilityGlobals) = postSolution
		SolutionGuid = {CDC432E4-BDEA-402B-9705-43FD85DD8C12}
	EndGlobalSection
EndGlobal
